
Microsoft Visual Studio Solution File, Format Version 12.00
# Visual Studio Version 17
VisualStudioVersion = 17.9.34902.65
MinimumVisualStudioVersion = 10.0.40219.1
Project("{9A19103F-16F7-4668-BE54-9A1E7A4F7556}") = "Api.Core", "Api.Core\Api.Core.csproj", "{CCAABBCB-878E-489C-8E5C-61307FEFBD47}"
EndProject
Project("{9A19103F-16F7-4668-BE54-9A1E7A4F7556}") = "Api.Data", "Api.Data\Api.Data.csproj", "{3463CA83-641C-4142-91B1-229AFF85197F}"
EndProject
Project("{9A19103F-16F7-4668-BE54-9A1E7A4F7556}") = "Api.Requests", "Api.Requests\Api.Requests.csproj", "{697B568E-1302-47A7-BBB1-ED7AD5FBEF60}"
EndProject
Project("{9A19103F-16F7-4668-BE54-9A1E7A4F7556}") = "Api.Responses", "Api.Responses\Api.Responses.csproj", "{04FA17DC-C995-41D4-AD26-978F4FC1C3C4}"
EndProject
Project("{9A19103F-16F7-4668-BE54-9A1E7A4F7556}") = "Api.Service", "Api.Service\Api.Service.csproj", "{7B6D167D-6300-4ABA-B6A8-922A67C1D287}"
EndProject
Project("{9A19103F-16F7-4668-BE54-9A1E7A4F7556}") = "Common.Core", "Common.Core\Common.Core.csproj", "{D106505A-05CE-4D56-AE0E-ADA5CBA4C621}"
EndProject
Project("{9A19103F-16F7-4668-BE54-9A1E7A4F7556}") = "Common.Exceptions", "Common.Exceptions\Common.Exceptions.csproj", "{0C6CD539-C239-433F-9D4A-A6BED773A2A9}"
EndProject
Project("{9A19103F-16F7-4668-BE54-9A1E7A4F7556}") = "Common.Extensions", "Common.Extensions\Common.Extensions.csproj", "{80E95E39-3D4A-4FCC-A496-894B021644CD}"
EndProject
Project("{9A19103F-16F7-4668-BE54-9A1E7A4F7556}") = "Common.Logs", "Common.Logs\Common.Logs.csproj", "{F81AFDB2-BB18-422E-A502-053A37E49C8B}"
EndProject
Project("{9A19103F-16F7-4668-BE54-9A1E7A4F7556}") = "Common.Notifications", "Common.Notifications\Common.Notifications.csproj", "{915839FA-F199-45EF-95F9-7DFF55977F4F}"
EndProject
Project("{9A19103F-16F7-4668-BE54-9A1E7A4F7556}") = "Common.Http", "Common.Http\Common.Http.csproj", "{E30443DA-1DD5-4683-9355-A289C27A3C9D}"
EndProject
Project("{FAE04EC0-301F-11D3-BF4B-00C04F79EFBC}") = "Common.Enums", "Common.Enums\Common.Enums.csproj", "{FB82465E-7825-449D-A210-D8808A67DD61}"
EndProject
Project("{FAE04EC0-301F-11D3-BF4B-00C04F79EFBC}") = "Common.Json", "Common.Json\Common.Json.csproj", "{228B8C4F-3933-463C-B542-261EF7524B9D}"
EndProject
Project("{FAE04EC0-301F-11D3-BF4B-00C04F79EFBC}") = "Common.User", "Common.User\Common.User.csproj", "{5C0FE105-309F-4FB1-8C4F-CD979349653B}"
EndProject
Global
	GlobalSection(SolutionConfigurationPlatforms) = preSolution
		Debug|Any CPU = Debug|Any CPU
		Release|Any CPU = Release|Any CPU
	EndGlobalSection
	GlobalSection(ProjectConfigurationPlatforms) = postSolution
		{CCAABBCB-878E-489C-8E5C-61307FEFBD47}.Debug|Any CPU.ActiveCfg = Debug|Any CPU
		{CCAABBCB-878E-489C-8E5C-61307FEFBD47}.Debug|Any CPU.Build.0 = Debug|Any CPU
		{CCAABBCB-878E-489C-8E5C-61307FEFBD47}.Release|Any CPU.ActiveCfg = Release|Any CPU
		{CCAABBCB-878E-489C-8E5C-61307FEFBD47}.Release|Any CPU.Build.0 = Release|Any CPU
		{3463CA83-641C-4142-91B1-229AFF85197F}.Debug|Any CPU.ActiveCfg = Debug|Any CPU
		{3463CA83-641C-4142-91B1-229AFF85197F}.Debug|Any CPU.Build.0 = Debug|Any CPU
		{3463CA83-641C-4142-91B1-229AFF85197F}.Release|Any CPU.ActiveCfg = Release|Any CPU
		{3463CA83-641C-4142-91B1-229AFF85197F}.Release|Any CPU.Build.0 = Release|Any CPU
		{697B568E-1302-47A7-BBB1-ED7AD5FBEF60}.Debug|Any CPU.ActiveCfg = Debug|Any CPU
		{697B568E-1302-47A7-BBB1-ED7AD5FBEF60}.Debug|Any CPU.Build.0 = Debug|Any CPU
		{697B568E-1302-47A7-BBB1-ED7AD5FBEF60}.Release|Any CPU.ActiveCfg = Release|Any CPU
		{697B568E-1302-47A7-BBB1-ED7AD5FBEF60}.Release|Any CPU.Build.0 = Release|Any CPU
		{04FA17DC-C995-41D4-AD26-978F4FC1C3C4}.Debug|Any CPU.ActiveCfg = Debug|Any CPU
		{04FA17DC-C995-41D4-AD26-978F4FC1C3C4}.Debug|Any CPU.Build.0 = Debug|Any CPU
		{04FA17DC-C995-41D4-AD26-978F4FC1C3C4}.Release|Any CPU.ActiveCfg = Release|Any CPU
		{04FA17DC-C995-41D4-AD26-978F4FC1C3C4}.Release|Any CPU.Build.0 = Release|Any CPU
		{7B6D167D-6300-4ABA-B6A8-922A67C1D287}.Debug|Any CPU.ActiveCfg = Debug|Any CPU
		{7B6D167D-6300-4ABA-B6A8-922A67C1D287}.Debug|Any CPU.Build.0 = Debug|Any CPU
		{7B6D167D-6300-4ABA-B6A8-922A67C1D287}.Release|Any CPU.ActiveCfg = Release|Any CPU
		{7B6D167D-6300-4ABA-B6A8-922A67C1D287}.Release|Any CPU.Build.0 = Release|Any CPU
		{D106505A-05CE-4D56-AE0E-ADA5CBA4C621}.Debug|Any CPU.ActiveCfg = Debug|Any CPU
		{D106505A-05CE-4D56-AE0E-ADA5CBA4C621}.Debug|Any CPU.Build.0 = Debug|Any CPU
		{D106505A-05CE-4D56-AE0E-ADA5CBA4C621}.Release|Any CPU.ActiveCfg = Release|Any CPU
		{D106505A-05CE-4D56-AE0E-ADA5CBA4C621}.Release|Any CPU.Build.0 = Release|Any CPU
		{0C6CD539-C239-433F-9D4A-A6BED773A2A9}.Debug|Any CPU.ActiveCfg = Debug|Any CPU
		{0C6CD539-C239-433F-9D4A-A6BED773A2A9}.Debug|Any CPU.Build.0 = Debug|Any CPU
		{0C6CD539-C239-433F-9D4A-A6BED773A2A9}.Release|Any CPU.ActiveCfg = Release|Any CPU
		{0C6CD539-C239-433F-9D4A-A6BED773A2A9}.Release|Any CPU.Build.0 = Release|Any CPU
		{80E95E39-3D4A-4FCC-A496-894B021644CD}.Debug|Any CPU.ActiveCfg = Debug|Any CPU
		{80E95E39-3D4A-4FCC-A496-894B021644CD}.Debug|Any CPU.Build.0 = Debug|Any CPU
		{80E95E39-3D4A-4FCC-A496-894B021644CD}.Release|Any CPU.ActiveCfg = Release|Any CPU
		{80E95E39-3D4A-4FCC-A496-894B021644CD}.Release|Any CPU.Build.0 = Release|Any CPU
		{F81AFDB2-BB18-422E-A502-053A37E49C8B}.Debug|Any CPU.ActiveCfg = Debug|Any CPU
		{F81AFDB2-BB18-422E-A502-053A37E49C8B}.Debug|Any CPU.Build.0 = Debug|Any CPU
		{F81AFDB2-BB18-422E-A502-053A37E49C8B}.Release|Any CPU.ActiveCfg = Release|Any CPU
		{F81AFDB2-BB18-422E-A502-053A37E49C8B}.Release|Any CPU.Build.0 = Release|Any CPU
		{915839FA-F199-45EF-95F9-7DFF55977F4F}.Debug|Any CPU.ActiveCfg = Debug|Any CPU
		{915839FA-F199-45EF-95F9-7DFF55977F4F}.Debug|Any CPU.Build.0 = Debug|Any CPU
		{915839FA-F199-45EF-95F9-7DFF55977F4F}.Release|Any CPU.ActiveCfg = Release|Any CPU
		{915839FA-F199-45EF-95F9-7DFF55977F4F}.Release|Any CPU.Build.0 = Release|Any CPU
		{E30443DA-1DD5-4683-9355-A289C27A3C9D}.Debug|Any CPU.ActiveCfg = Debug|Any CPU
		{E30443DA-1DD5-4683-9355-A289C27A3C9D}.Debug|Any CPU.Build.0 = Debug|Any CPU
		{E30443DA-1DD5-4683-9355-A289C27A3C9D}.Release|Any CPU.ActiveCfg = Release|Any CPU
		{E30443DA-1DD5-4683-9355-A289C27A3C9D}.Release|Any CPU.Build.0 = Release|Any CPU
		{FB82465E-7825-449D-A210-D8808A67DD61}.Debug|Any CPU.ActiveCfg = Debug|Any CPU
		{FB82465E-7825-449D-A210-D8808A67DD61}.Debug|Any CPU.Build.0 = Debug|Any CPU
		{FB82465E-7825-449D-A210-D8808A67DD61}.Release|Any CPU.ActiveCfg = Release|Any CPU
		{FB82465E-7825-449D-A210-D8808A67DD61}.Release|Any CPU.Build.0 = Release|Any CPU
		{228B8C4F-3933-463C-B542-261EF7524B9D}.Debug|Any CPU.ActiveCfg = Debug|Any CPU
		{228B8C4F-3933-463C-B542-261EF7524B9D}.Debug|Any CPU.Build.0 = Debug|Any CPU
		{228B8C4F-3933-463C-B542-261EF7524B9D}.Release|Any CPU.ActiveCfg = Release|Any CPU
		{228B8C4F-3933-463C-B542-261EF7524B9D}.Release|Any CPU.Build.0 = Release|Any CPU
		{5C0FE105-309F-4FB1-8C4F-CD979349653B}.Debug|Any CPU.ActiveCfg = Debug|Any CPU
		{5C0FE105-309F-4FB1-8C4F-CD979349653B}.Debug|Any CPU.Build.0 = Debug|Any CPU
		{5C0FE105-309F-4FB1-8C4F-CD979349653B}.Release|Any CPU.ActiveCfg = Release|Any CPU
		{5C0FE105-309F-4FB1-8C4F-CD979349653B}.Release|Any CPU.Build.0 = Release|Any CPU
	EndGlobalSection
	GlobalSection(SolutionProperties) = preSolution
		HideSolutionNode = FALSE
	EndGlobalSection
	GlobalSection(ExtensibilityGlobals) = postSolution
		SolutionGuid = {57937EE9-4641-4E7B-AD91-C8E4CD2EF1A2}
	EndGlobalSection
EndGlobal
